
Microsoft Visual Studio Solution File, Format Version 12.00
# Visual Studio Version 16
VisualStudioVersion = 16.0.29020.237
MinimumVisualStudioVersion = 10.0.40219.1
Project("{9A19103F-16F7-4668-BE54-9A1E7A4F7556}") = "King.Blog.Domain", "src\King.Blog.Domain\King.Blog.Domain.csproj", "{554AD327-6DBA-4F8F-96F8-81CE7A0C863F}"
EndProject
Project("{9A19103F-16F7-4668-BE54-9A1E7A4F7556}") = "King.Blog.Application", "src\King.Blog.Application\King.Blog.Application.csproj", "{1A94A50E-06DC-43C1-80B5-B662820EC3EB}"
EndProject
Project("{9A19103F-16F7-4668-BE54-9A1E7A4F7556}") = "King.Blog.EntityFrameworkCore", "src\King.Blog.EntityFrameworkCore\King.Blog.EntityFrameworkCore.csproj", "{C956DD76-69C8-4A9C-83EA-D17DF83340FD}"
EndProject
Project("{9A19103F-16F7-4668-BE54-9A1E7A4F7556}") = "King.Blog.HttpApi.Hosting", "src\King.Blog.HttpApi.Hosting\King.Blog.HttpApi.Hosting.csproj", "{068855E8-9240-4F1A-910B-CF825794513B}"
EndProject
Project("{2150E333-8FDC-42A3-9474-1A3956D46DE8}") = "src", "src", "{CA9AC87F-097E-4F15-8393-4BC07735A5B0}"
EndProject
Project("{9A19103F-16F7-4668-BE54-9A1E7A4F7556}") = "King.Blog.EntityFrameworkCore.DbMigrations", "src\King.Blog.EntityFrameworkCore.DbMigrations\King.Blog.EntityFrameworkCore.DbMigrations.csproj", "{0372FA84-C517-4EB3-9A9F-B9ACAC0CA5E0}"
EndProject
Project("{9A19103F-16F7-4668-BE54-9A1E7A4F7556}") = "King.Blog.Domain.Shared", "src\King.Blog.Domain.Shared\King.Blog.Domain.Shared.csproj", "{42F719ED-8413-4895-B5B4-5AB56079BC66}"
EndProject
Project("{9A19103F-16F7-4668-BE54-9A1E7A4F7556}") = "King.Blog.Application.Contracts", "src\King.Blog.Application.Contracts\King.Blog.Application.Contracts.csproj", "{520659C8-C734-4298-A3DA-B539DB9DFC0B}"
EndProject
Project("{9A19103F-16F7-4668-BE54-9A1E7A4F7556}") = "King.Blog.HttpApi", "src\King.Blog.HttpApi\King.Blog.HttpApi.csproj", "{4164BDF7-F527-4E85-9CE6-E3C2D7426A27}"
EndProject
Project("{FAE04EC0-301F-11D3-BF4B-00C04F79EFBC}") = "King.Blog.Application.Caching", "src\King.Blog.Application.Caching\King.Blog.Application.Caching.csproj", "{A9843D69-D23C-46A0-AAB1-EA46EDB000B3}"
EndProject
Project("{FAE04EC0-301F-11D3-BF4B-00C04F79EFBC}") = "King.Blog.BackgroundJobs", "src\King.Blog.BackgroundJobs\King.Blog.BackgroundJobs.csproj", "{77B3D3BC-4D12-496B-B7EE-019FEAFB5D37}"
EndProject
Project("{FAE04EC0-301F-11D3-BF4B-00C04F79EFBC}") = "King.Blog.Swagger", "src\King.Blog.Swagger\King.Blog.Swagger.csproj", "{C915A9B0-7CC7-4D20-A7D6-89E3F9B5CA5C}"
EndProject
Project("{FAE04EC0-301F-11D3-BF4B-00C04F79EFBC}") = "King.Blog.ToolKits", "src\King.Blog.ToolKits\King.Blog.ToolKits.csproj", "{28664F9C-E616-4302-859F-D7F7E6B961A4}"
EndProject
Project("{2150E333-8FDC-42A3-9474-1A3956D46DE8}") = "solution-items", "solution-items", "{91BFFFCF-190B-4537-8F72-27F349934EF8}"

ProjectSection(SolutionItems) = preProject
            .gitattributes = .gitattributes
            .gitignore = .gitignore
            common.props = common.props
            LICENSE = LICENSE
            README.md = README.md
      EndProjectSection

EndProject
Global
	GlobalSection(SolutionConfigurationPlatforms) = preSolution
		Debug|Any CPU = Debug|Any CPU
		Release|Any CPU = Release|Any CPU
	EndGlobalSection
	GlobalSection(ProjectConfigurationPlatforms) = postSolution
		{554AD327-6DBA-4F8F-96F8-81CE7A0C863F}.Debug|Any CPU.ActiveCfg = Debug|Any CPU
		{554AD327-6DBA-4F8F-96F8-81CE7A0C863F}.Debug|Any CPU.Build.0 = Debug|Any CPU
		{554AD327-6DBA-4F8F-96F8-81CE7A0C863F}.Release|Any CPU.ActiveCfg = Release|Any CPU
		{554AD327-6DBA-4F8F-96F8-81CE7A0C863F}.Release|Any CPU.Build.0 = Release|Any CPU
		{1A94A50E-06DC-43C1-80B5-B662820EC3EB}.Debug|Any CPU.ActiveCfg = Debug|Any CPU
		{1A94A50E-06DC-43C1-80B5-B662820EC3EB}.Debug|Any CPU.Build.0 = Debug|Any CPU
		{1A94A50E-06DC-43C1-80B5-B662820EC3EB}.Release|Any CPU.ActiveCfg = Release|Any CPU
		{1A94A50E-06DC-43C1-80B5-B662820EC3EB}.Release|Any CPU.Build.0 = Release|Any CPU
		{C956DD76-69C8-4A9C-83EA-D17DF83340FD}.Debug|Any CPU.ActiveCfg = Debug|Any CPU
		{C956DD76-69C8-4A9C-83EA-D17DF83340FD}.Debug|Any CPU.Build.0 = Debug|Any CPU
		{C956DD76-69C8-4A9C-83EA-D17DF83340FD}.Release|Any CPU.ActiveCfg = Release|Any CPU
		{C956DD76-69C8-4A9C-83EA-D17DF83340FD}.Release|Any CPU.Build.0 = Release|Any CPU
		{068855E8-9240-4F1A-910B-CF825794513B}.Debug|Any CPU.ActiveCfg = Debug|Any CPU
		{068855E8-9240-4F1A-910B-CF825794513B}.Debug|Any CPU.Build.0 = Debug|Any CPU
		{068855E8-9240-4F1A-910B-CF825794513B}.Release|Any CPU.ActiveCfg = Release|Any CPU
		{068855E8-9240-4F1A-910B-CF825794513B}.Release|Any CPU.Build.0 = Release|Any CPU
		{0372FA84-C517-4EB3-9A9F-B9ACAC0CA5E0}.Debug|Any CPU.ActiveCfg = Debug|Any CPU
		{0372FA84-C517-4EB3-9A9F-B9ACAC0CA5E0}.Debug|Any CPU.Build.0 = Debug|Any CPU
		{0372FA84-C517-4EB3-9A9F-B9ACAC0CA5E0}.Release|Any CPU.ActiveCfg = Release|Any CPU
		{0372FA84-C517-4EB3-9A9F-B9ACAC0CA5E0}.Release|Any CPU.Build.0 = Release|Any CPU
		{42F719ED-8413-4895-B5B4-5AB56079BC66}.Debug|Any CPU.ActiveCfg = Debug|Any CPU
		{42F719ED-8413-4895-B5B4-5AB56079BC66}.Debug|Any CPU.Build.0 = Debug|Any CPU
		{42F719ED-8413-4895-B5B4-5AB56079BC66}.Release|Any CPU.ActiveCfg = Release|Any CPU
		{42F719ED-8413-4895-B5B4-5AB56079BC66}.Release|Any CPU.Build.0 = Release|Any CPU
		{520659C8-C734-4298-A3DA-B539DB9DFC0B}.Debug|Any CPU.ActiveCfg = Debug|Any CPU
		{520659C8-C734-4298-A3DA-B539DB9DFC0B}.Debug|Any CPU.Build.0 = Debug|Any CPU
		{520659C8-C734-4298-A3DA-B539DB9DFC0B}.Release|Any CPU.ActiveCfg = Release|Any CPU
		{520659C8-C734-4298-A3DA-B539DB9DFC0B}.Release|Any CPU.Build.0 = Release|Any CPU
		{4164BDF7-F527-4E85-9CE6-E3C2D7426A27}.Debug|Any CPU.ActiveCfg = Debug|Any CPU
		{4164BDF7-F527-4E85-9CE6-E3C2D7426A27}.Debug|Any CPU.Build.0 = Debug|Any CPU
		{4164BDF7-F527-4E85-9CE6-E3C2D7426A27}.Release|Any CPU.ActiveCfg = Release|Any CPU
		{4164BDF7-F527-4E85-9CE6-E3C2D7426A27}.Release|Any CPU.Build.0 = Release|Any CPU
		{A9843D69-D23C-46A0-AAB1-EA46EDB000B3}.Debug|Any CPU.ActiveCfg = Debug|Any CPU
		{A9843D69-D23C-46A0-AAB1-EA46EDB000B3}.Debug|Any CPU.Build.0 = Debug|Any CPU
		{A9843D69-D23C-46A0-AAB1-EA46EDB000B3}.Release|Any CPU.ActiveCfg = Release|Any CPU
		{A9843D69-D23C-46A0-AAB1-EA46EDB000B3}.Release|Any CPU.Build.0 = Release|Any CPU
		{77B3D3BC-4D12-496B-B7EE-019FEAFB5D37}.Debug|Any CPU.ActiveCfg = Debug|Any CPU
		{77B3D3BC-4D12-496B-B7EE-019FEAFB5D37}.Debug|Any CPU.Build.0 = Debug|Any CPU
		{77B3D3BC-4D12-496B-B7EE-019FEAFB5D37}.Release|Any CPU.ActiveCfg = Release|Any CPU
		{77B3D3BC-4D12-496B-B7EE-019FEAFB5D37}.Release|Any CPU.Build.0 = Release|Any CPU
		{C915A9B0-7CC7-4D20-A7D6-89E3F9B5CA5C}.Debug|Any CPU.ActiveCfg = Debug|Any CPU
		{C915A9B0-7CC7-4D20-A7D6-89E3F9B5CA5C}.Debug|Any CPU.Build.0 = Debug|Any CPU
		{C915A9B0-7CC7-4D20-A7D6-89E3F9B5CA5C}.Release|Any CPU.ActiveCfg = Release|Any CPU
		{C915A9B0-7CC7-4D20-A7D6-89E3F9B5CA5C}.Release|Any CPU.Build.0 = Release|Any CPU
		{28664F9C-E616-4302-859F-D7F7E6B961A4}.Debug|Any CPU.ActiveCfg = Debug|Any CPU
		{28664F9C-E616-4302-859F-D7F7E6B961A4}.Debug|Any CPU.Build.0 = Debug|Any CPU
		{28664F9C-E616-4302-859F-D7F7E6B961A4}.Release|Any CPU.ActiveCfg = Release|Any CPU
		{28664F9C-E616-4302-859F-D7F7E6B961A4}.Release|Any CPU.Build.0 = Release|Any CPU
	EndGlobalSection
	GlobalSection(SolutionProperties) = preSolution
		HideSolutionNode = FALSE
	EndGlobalSection
	GlobalSection(NestedProjects) = preSolution
		{554AD327-6DBA-4F8F-96F8-81CE7A0C863F} = {CA9AC87F-097E-4F15-8393-4BC07735A5B0}
		{1A94A50E-06DC-43C1-80B5-B662820EC3EB} = {CA9AC87F-097E-4F15-8393-4BC07735A5B0}
		{C956DD76-69C8-4A9C-83EA-D17DF83340FD} = {CA9AC87F-097E-4F15-8393-4BC07735A5B0}
		{068855E8-9240-4F1A-910B-CF825794513B} = {CA9AC87F-097E-4F15-8393-4BC07735A5B0}
		{0372FA84-C517-4EB3-9A9F-B9ACAC0CA5E0} = {CA9AC87F-097E-4F15-8393-4BC07735A5B0}
		{42F719ED-8413-4895-B5B4-5AB56079BC66} = {CA9AC87F-097E-4F15-8393-4BC07735A5B0}
		{520659C8-C734-4298-A3DA-B539DB9DFC0B} = {CA9AC87F-097E-4F15-8393-4BC07735A5B0}
		{4164BDF7-F527-4E85-9CE6-E3C2D7426A27} = {CA9AC87F-097E-4F15-8393-4BC07735A5B0}
		{A9843D69-D23C-46A0-AAB1-EA46EDB000B3} = {CA9AC87F-097E-4F15-8393-4BC07735A5B0}
		{77B3D3BC-4D12-496B-B7EE-019FEAFB5D37} = {CA9AC87F-097E-4F15-8393-4BC07735A5B0}
		{C915A9B0-7CC7-4D20-A7D6-89E3F9B5CA5C} = {CA9AC87F-097E-4F15-8393-4BC07735A5B0}
		{28664F9C-E616-4302-859F-D7F7E6B961A4} = {CA9AC87F-097E-4F15-8393-4BC07735A5B0}
	EndGlobalSection
	GlobalSection(ExtensibilityGlobals) = postSolution
		SolutionGuid = {28315BFD-90E7-4E14-A2EA-F3D23AF4126F}
	EndGlobalSection
EndGlobal
